{
  "lockfile_version": "1",
  "packages": {
    "poetry": {
      "plugin_version": "0.0.4",
      "resolved": "github:NixOS/nixpkgs/75a52265bda7fd25e06e3a67dee3f0354e73243c#poetry",
      "source": "nixpkg"
    },
    "python311Packages.pip@latest": {
      "last_modified": "2024-01-27T14:55:31Z",
      "plugin_version": "0.0.2",
      "resolved": "github:NixOS/nixpkgs/160b762eda6d139ac10ae081f8f78d640dd523eb#python311Packages.pip",
      "source": "devbox-search",
      "version": "23.3.1",
      "systems": {
        "aarch64-darwin": {
          "store_path": "/nix/store/qijd91m3l09v3xv2ysdjf6xbclv6v2s1-python3.11-pip-23.3.1"
        },
        "aarch64-linux": {
          "store_path": "/nix/store/306vfgy9skm3y5iwmnqg94q8bsznp68m-python3.11-pip-23.3.1"
        },
        "x86_64-darwin": {
          "store_path": "/nix/store/ak036f5j17qp6c9smj7z9yrf4i90y5yz-python3.11-pip-23.3.1"
        },
        "x86_64-linux": {
          "store_path": "/nix/store/5bcjmw86c3rxv13554kayq5290va4sc1-python3.11-pip-23.3.1"
        }
      }
    },
    "python@3.11": {
      "last_modified": "2024-01-27T14:55:31Z",
      "plugin_version": "0.0.3",
      "resolved": "github:NixOS/nixpkgs/160b762eda6d139ac10ae081f8f78d640dd523eb#python3",
      "source": "devbox-search",
      "version": "3.11.7",
      "systems": {
        "aarch64-darwin": {
          "store_path": "/nix/store/03q8gn91mj95y5bqbcl90hyvmpqpz738-python3-3.11.7"
        },
        "aarch64-linux": {
          "store_path": "/nix/store/dz8lm4h0ivibad5kfc0ya3p3zqyd2fyf-python3-3.11.7"
        },
        "x86_64-darwin": {
          "store_path": "/nix/store/byyb569c90slwsjr43ikhhwlhfavhiir-python3-3.11.7"
        },
        "x86_64-linux": {
          "store_path": "/nix/store/w4fvvhkzb0ssv0fw5j34pw09f0qw84w8-python3-3.11.7"
        }
      }
    }
  }
}
